importers:
  .:
    devDependencies:
      '@reason-ink/ink-big-text': 'link:packages/ink-big-text'
      bs-platform: 7.3.2
      reason-ink: 'link:packages/ink'
    specifiers:
      '@reason-ink/ink-big-text': 'workspace:^1.0.0'
      bs-platform: ^7.3.2
      reason-ink: 'workspace:^2.0.0'
  packages/ink:
    dependencies:
      ink: 2.7.1_react@16.13.1
      reason-nodejs: 12.0.4_bs-platform@7.3.2
    devDependencies:
      bs-platform: 7.3.2
      react: 16.13.1
      reason-react: 0.8.0_bs-platform@7.3.2+react@16.13.1
    specifiers:
      bs-platform: ^7.3.2
      ink: ^2.7.1
      react: ^16.13.1
      reason-nodejs: ^12.0.3
      reason-react: ^0.8.0
  packages/ink-big-text:
    dependencies:
      ink-big-text: 1.0.1_react@16.13.1
    devDependencies:
      bs-platform: 7.3.2
      react: 16.13.1
      reason-ink: 'link:../ink'
      reason-react: 0.8.0_bs-platform@7.3.2+react@16.13.1
    specifiers:
      bs-platform: ^7.3.2
      ink-big-text: ^1.0.1
      react: ^16.13.1
      reason-ink: 'workspace:^1.0.0'
      reason-react: ^0.8.0
lockfileVersion: 5.1
packages:
  /@types/color-name/1.1.1:
    dev: false
    resolution:
      integrity: sha512-rr+OQyAjxze7GgWrSaJwydHStIhHq2lvY3BOC2Mj7KnzI7XK0Uw1TOOdI9lDoajEbSWLiYgoo4f1R51erQfhPQ==
  /@types/yoga-layout/1.9.2:
    dev: false
    resolution:
      integrity: sha512-S9q47ByT2pPvD65IvrWp7qppVMpk9WGMbVq9wbWZOHg6tnXSD4vyhao6nOSBwwfDdV2p3Kx9evA9vI+XWTfDvw==
  /ansi-escapes/3.2.0:
    dev: false
    engines:
      node: '>=4'
    resolution:
      integrity: sha512-cBhpre4ma+U0T1oM5fXg7Dy1Jw7zzwv7lt/GoCpr+hDQJoYnKVPLL4dCvSEFMmQurOQvSrwT7SL/DAlhBI97RQ==
  /ansi-escapes/4.3.1:
    dependencies:
      type-fest: 0.11.0
    dev: false
    engines:
      node: '>=8'
    resolution:
      integrity: sha512-JWF7ocqNrp8u9oqpgV+wH5ftbt+cfvv+PTjOvKLT3AdYly/LmORARfEVT1iyjwN+4MqE5UmVKoAdIBqeoCHgLA==
  /ansi-regex/4.1.0:
    dev: false
    engines:
      node: '>=6'
    resolution:
      integrity: sha512-1apePfXM1UOSqw0o9IiFAovVz9M5S1Dg+4TrDwfMewQ6p/rmMueb7tWZjQ1rx4Loy1ArBggoqGpfqqdI4rondg==
  /ansi-regex/5.0.0:
    dev: false
    engines:
      node: '>=8'
    resolution:
      integrity: sha512-bY6fj56OUQ0hU1KjFNDQuJFezqKdrAyFdIevADiqrWHwSlbmBNMHp5ak2f40Pm8JTFyM2mqxkG6ngkHO11f/lg==
  /ansi-styles/3.2.1:
    dependencies:
      color-convert: 1.9.3
    dev: false
    engines:
      node: '>=4'
    resolution:
      integrity: sha512-VT0ZI6kZRdTh8YyJw3SMbYm/u+NqfsAxEpWO0Pf9sq8/e94WxxOpPKx9FR1FlyCtOVDNOQ+8ntlqFxiRc+r5qA==
  /ansi-styles/4.2.1:
    dependencies:
      '@types/color-name': 1.1.1
      color-convert: 2.0.1
    dev: false
    engines:
      node: '>=8'
    resolution:
      integrity: sha512-9VGjrMsG1vePxcSweQsN20KY/c4zN0h9fLjqAbwbPfahM3t+NL+M9HC8xeXG2I8pX5NoamTGNuomEUFI7fcUjA==
  /arrify/2.0.1:
    dev: false
    engines:
      node: '>=8'
    resolution:
      integrity: sha512-3duEwti880xqi4eAMN8AyR4a0ByT90zoYdLlevfrvU43vb0YZwZVfxOgxWrLXXXpyugL0hNZc9G6BiB5B3nUug==
  /astral-regex/1.0.0:
    dev: false
    engines:
      node: '>=4'
    resolution:
      integrity: sha512-+Ryf6g3BKoRc7jfp7ad8tM4TtMiaWvbF/1/sQcZPkkS7ag3D5nMBCe2UfOTONtAkaG0tO0ij3C5Lwmf1EiyjHg==
  /astral-regex/2.0.0:
    dev: false
    engines:
      node: '>=8'
    resolution:
      integrity: sha512-Z7tMw1ytTXt5jqMcOP+OQteU1VuNK9Y02uuJtKQ1Sv69jXQKKg5cibLwGJow8yzZP+eAc18EmLGPal0bp36rvQ==
  /auto-bind/4.0.0:
    dev: false
    engines:
      node: '>=8'
    resolution:
      integrity: sha512-Hdw8qdNiqdJ8LqT0iK0sVzkFbzg6fhnQqqfWhBDxcHZvU75+B+ayzTy8x+k5Ix0Y92XOhOUlx74ps+bA6BeYMQ==
  /bs-platform/7.3.2:
    hasBin: true
    requiresBuild: true
    resolution:
      integrity: sha512-seJL5g4anK9la4erv+B2o2sMHQCxDF6OCRl9en3hbaUos/S3JsusQ0sPp4ORsbx5eXfHLYBwPljwKXlgpXtsgQ==
  /cfonts/2.8.2:
    dependencies:
      chalk: 4.0.0
      window-size: 1.1.1
    dev: false
    engines:
      node: '>=10'
    hasBin: true
    resolution:
      integrity: sha512-qF0zbWCLPI4uHhbxP7IPA1nx5SFxfCZdurQjne20faeAOEtiUC4DHpost5sEpP7GNUEfpEI+e3PyLRE9k4KoLw==
  /chalk/3.0.0:
    dependencies:
      ansi-styles: 4.2.1
      supports-color: 7.1.0
    dev: false
    engines:
      node: '>=8'
    resolution:
      integrity: sha512-4D3B6Wf41KOYRFdszmDqMCGq5VV/uMAB273JILmO+3jAlh8X4qDtdtgCR3fxtbLEMzSx22QdhnDcJvu2u1fVwg==
  /chalk/4.0.0:
    dependencies:
      ansi-styles: 4.2.1
      supports-color: 7.1.0
    dev: false
    engines:
      node: '>=10'
    resolution:
      integrity: sha512-N9oWFcegS0sFr9oh1oz2d7Npos6vNoWW9HvtCg5N1KRFpUhaAhvTv5Y58g880fZaEYSNm3qDz8SU1UrGvp+n7A==
  /ci-info/2.0.0:
    dev: false
    resolution:
      integrity: sha512-5tK7EtrZ0N+OLFMthtqOj4fI2Jeb88C4CAZPu25LDVUgXJ0A3Js4PMGqrn0JU1W0Mh1/Z8wZzYPxqUrXeBboCQ==
  /cli-cursor/2.1.0:
    dependencies:
      restore-cursor: 2.0.0
    dev: false
    engines:
      node: '>=4'
    resolution:
      integrity: sha1-s12sN2R5+sw+lHR9QdDQ9SOP/LU=
  /cli-cursor/3.1.0:
    dependencies:
      restore-cursor: 3.1.0
    dev: false
    engines:
      node: '>=8'
    resolution:
      integrity: sha512-I/zHAwsKf9FqGoXM4WWRACob9+SNukZTd94DWF57E4toouRulbCxcUh6RKUEOQlYTHJnzkPMySvPNaaSLNfLZw==
  /cli-truncate/2.1.0:
    dependencies:
      slice-ansi: 3.0.0
      string-width: 4.2.0
    dev: false
    engines:
      node: '>=8'
    resolution:
      integrity: sha512-n8fOixwDD6b/ObinzTrp1ZKFzbgvKZvuz/TvejnLn1aQfC6r52XEx85FmuC+3HI+JM7coBRXUvNqEU2PHVrHpg==
  /color-convert/1.9.3:
    dependencies:
      color-name: 1.1.3
    dev: false
    resolution:
      integrity: sha512-QfAUtd+vFdAtFQcC8CCyYt1fYWxSqAiK2cSD6zDB8N3cpsEBAvRxp9zOGg6G/SHHJYAT88/az/IuDGALsNVbGg==
  /color-convert/2.0.1:
    dependencies:
      color-name: 1.1.4
    dev: false
    engines:
      node: '>=7.0.0'
    resolution:
      integrity: sha512-RRECPsj7iu/xb5oKYcsFHSppFNnsj/52OVTRKb4zP5onXwVF3zVmmToNcOfGC+CRDpfK/U584fMg38ZHCaElKQ==
  /color-name/1.1.3:
    dev: false
    resolution:
      integrity: sha1-p9BVi9icQveV3UIyj3QIMcpTvCU=
  /color-name/1.1.4:
    dev: false
    resolution:
      integrity: sha512-dOy+3AuW3a2wNbZHIuMZpTcgjGuLU/uBL/ubcZF9OXbDo8ff4O8yVp5Bf0efS8uEoYo5q4Fx7dY9OgQGXgAsQA==
  /define-property/1.0.0:
    dependencies:
      is-descriptor: 1.0.2
    dev: false
    engines:
      node: '>=0.10.0'
    resolution:
      integrity: sha1-dp66rz9KY6rTr56NMEybvnm/sOY=
  /emoji-regex/7.0.3:
    dev: false
    resolution:
      integrity: sha512-CwBLREIQ7LvYFB0WyRvwhq5N5qPhc6PMjD6bYggFlI5YyDgl+0vxq5VHbMOFqLg7hfWzmu8T5Z1QofhmTIhItA==
  /emoji-regex/8.0.0:
    dev: false
    resolution:
      integrity: sha512-MSjYzcWNOA0ewAHpz0MxpYFvwg6yjy1NG3xteoqz644VCo/RPgnr1/GGt+ic3iJTzQ8Eu3TdM14SawnVUmGE6A==
  /has-flag/4.0.0:
    dev: false
    engines:
      node: '>=8'
    resolution:
      integrity: sha512-EykJT/Q1KjTWctppgIAgfSO0tKVuZUjhgMr17kqTumMl6Afv3EISleU7qZUzoXDFTAHTDC4NOoG/ZxU3EvlMPQ==
  /ink-big-text/1.0.1_react@16.13.1:
    dependencies:
      cfonts: 2.8.2
      prop-types: 15.7.2
      react: 16.13.1
    dev: false
    engines:
      node: '>=8'
    peerDependencies:
      ink: '>=2.0.0'
      react: '>=16.8.0'
    resolution:
      integrity: sha512-4uqTXNzhWyonmT0jVaTm6p6pMro6GgkLtZUfyAk6OcRRNWYLLr89AFBtihW0Sy0pTrGulHiUflvwOCjXxLpTUA==
  /ink/2.7.1_react@16.13.1:
    dependencies:
      ansi-escapes: 4.3.1
      arrify: 2.0.1
      auto-bind: 4.0.0
      chalk: 3.0.0
      cli-cursor: 3.1.0
      cli-truncate: 2.1.0
      is-ci: 2.0.0
      lodash.throttle: 4.1.1
      log-update: 3.4.0
      prop-types: 15.7.2
      react: 16.13.1
      react-reconciler: 0.24.0_react@16.13.1
      scheduler: 0.18.0
      signal-exit: 3.0.3
      slice-ansi: 3.0.0
      string-length: 3.1.0
      widest-line: 3.1.0
      wrap-ansi: 6.2.0
      yoga-layout-prebuilt: 1.9.6
    dev: false
    engines:
      node: '>=8'
    peerDependencies:
      '@types/react': '>=16.8.0'
      react: '>=16.8.0'
    peerDependenciesMeta:
      '@types/react':
        optional: true
    resolution:
      integrity: sha512-s7lJuQDJEdjqtaIWhp3KYHl6WV3J04U9zoQ6wVc+Xoa06XM27SXUY57qC5DO46xkF0CfgXMKkKNcgvSu/SAEpA==
  /is-accessor-descriptor/1.0.0:
    dependencies:
      kind-of: 6.0.3
    dev: false
    engines:
      node: '>=0.10.0'
    resolution:
      integrity: sha512-m5hnHTkcVsPfqx3AKlyttIPb7J+XykHvJP2B9bZDjlhLIoEq4XoK64Vg7boZlVWYK6LUY94dYPEE7Lh0ZkZKcQ==
  /is-buffer/1.1.6:
    dev: false
    resolution:
      integrity: sha512-NcdALwpXkTm5Zvvbk7owOUSvVvBKDgKP5/ewfXEznmQFfs4ZRmanOeKBTjRVjka3QFoN6XJ+9F3USqfHqTaU5w==
  /is-ci/2.0.0:
    dependencies:
      ci-info: 2.0.0
    dev: false
    hasBin: true
    resolution:
      integrity: sha512-YfJT7rkpQB0updsdHLGWrvhBJfcfzNNawYDNIyQXJz0IViGf75O8EBPKSdvw2rF+LGCsX4FZ8tcr3b19LcZq4w==
  /is-data-descriptor/1.0.0:
    dependencies:
      kind-of: 6.0.3
    dev: false
    engines:
      node: '>=0.10.0'
    resolution:
      integrity: sha512-jbRXy1FmtAoCjQkVmIVYwuuqDFUbaOeDjmed1tOGPrsMhtJA4rD9tkgA0F1qJ3gRFRXcHYVkdeaP50Q5rE/jLQ==
  /is-descriptor/1.0.2:
    dependencies:
      is-accessor-descriptor: 1.0.0
      is-data-descriptor: 1.0.0
      kind-of: 6.0.3
    dev: false
    engines:
      node: '>=0.10.0'
    resolution:
      integrity: sha512-2eis5WqQGV7peooDyLmNEPUrps9+SXX5c9pL3xEB+4e9HnGuDa7mB7kHxHw4CbqS9k1T2hOH3miL8n8WtiYVtg==
  /is-fullwidth-code-point/2.0.0:
    dev: false
    engines:
      node: '>=4'
    resolution:
      integrity: sha1-o7MKXE8ZkYMWeqq5O+764937ZU8=
  /is-fullwidth-code-point/3.0.0:
    dev: false
    engines:
      node: '>=8'
    resolution:
      integrity: sha512-zymm5+u+sCsSWyD9qNaejV3DFvhCKclKdizYaJUuHA83RLjb7nSuGnddCHGv0hk+KY7BMAlsWeK4Ueg6EV6XQg==
  /is-number/3.0.0:
    dependencies:
      kind-of: 3.2.2
    dev: false
    engines:
      node: '>=0.10.0'
    resolution:
      integrity: sha1-JP1iAaR4LPUFYcgQJ2r8fRLXEZU=
  /js-tokens/4.0.0:
    resolution:
      integrity: sha512-RdJUflcE3cUzKiMqQgsCu06FPu9UdIJO0beYbPhHN4k6apgJtifcoCtT9bcxOpYBtpD2kCM6Sbzg4CausW/PKQ==
  /kind-of/3.2.2:
    dependencies:
      is-buffer: 1.1.6
    dev: false
    engines:
      node: '>=0.10.0'
    resolution:
      integrity: sha1-MeohpzS6ubuw8yRm2JOupR5KPGQ=
  /kind-of/6.0.3:
    dev: false
    engines:
      node: '>=0.10.0'
    resolution:
      integrity: sha512-dcS1ul+9tmeD95T+x28/ehLgd9mENa3LsvDTtzm3vyBEO7RPptvAD+t44WVXaUjTBRcrpFeFlC8WCruUR456hw==
  /lodash.throttle/4.1.1:
    dev: false
    resolution:
      integrity: sha1-wj6RtxAkKscMN/HhzaknTMOb8vQ=
  /log-update/3.4.0:
    dependencies:
      ansi-escapes: 3.2.0
      cli-cursor: 2.1.0
      wrap-ansi: 5.1.0
    dev: false
    engines:
      node: '>=6'
    resolution:
      integrity: sha512-ILKe88NeMt4gmDvk/eb615U/IVn7K9KWGkoYbdatQ69Z65nj1ZzjM6fHXfcs0Uge+e+EGnMW7DY4T9yko8vWFg==
  /loose-envify/1.4.0:
    dependencies:
      js-tokens: 4.0.0
    hasBin: true
    resolution:
      integrity: sha512-lyuxPGr/Wfhrlem2CL/UcnUc1zcqKAImBDzukY7Y5F/yQiNdko6+fRLevlw1HgMySw7f611UIY408EtxRSoK3Q==
  /mimic-fn/1.2.0:
    dev: false
    engines:
      node: '>=4'
    resolution:
      integrity: sha512-jf84uxzwiuiIVKiOLpfYk7N46TSy8ubTonmneY9vrpHNAnp0QBt2BxWV9dO3/j+BoVAb+a5G6YDPW3M5HOdMWQ==
  /mimic-fn/2.1.0:
    dev: false
    engines:
      node: '>=6'
    resolution:
      integrity: sha512-OqbOk5oEQeAZ8WXWydlu9HJjz9WVdEIvamMCcXmuqUYjTknH/sqsWvhQ3vgwKFRR1HpjvNBKQ37nbJgYzGqGcg==
  /object-assign/4.1.1:
    engines:
      node: '>=0.10.0'
    resolution:
      integrity: sha1-IQmtx5ZYh8/AXLvUQsrIv7s2CGM=
  /onetime/2.0.1:
    dependencies:
      mimic-fn: 1.2.0
    dev: false
    engines:
      node: '>=4'
    resolution:
      integrity: sha1-BnQoIw/WdEOyeUsiu6UotoZ5YtQ=
  /onetime/5.1.0:
    dependencies:
      mimic-fn: 2.1.0
    dev: false
    engines:
      node: '>=6'
    resolution:
      integrity: sha512-5NcSkPHhwTVFIQN+TUqXoS5+dlElHXdpAWu9I0HP20YOtIi+aZ0Ct82jdlILDxjLEAWwvm+qj1m6aEtsDVmm6Q==
  /prop-types/15.7.2:
    dependencies:
      loose-envify: 1.4.0
      object-assign: 4.1.1
      react-is: 16.13.1
    resolution:
      integrity: sha512-8QQikdH7//R2vurIJSutZ1smHYTcLpRWEOlHnzcWHmBYrOGUysKwSsrC89BCiFj3CbrfJ/nXFdJepOVrY1GCHQ==
  /react-is/16.13.1:
    resolution:
      integrity: sha512-24e6ynE2H+OKt4kqsOvNd8kBpV65zoxbA4BVsEOB3ARVWQki/DHzaUoC5KuON/BiccDaCCTZBuOcfZs70kR8bQ==
  /react-reconciler/0.24.0_react@16.13.1:
    dependencies:
      loose-envify: 1.4.0
      object-assign: 4.1.1
      prop-types: 15.7.2
      react: 16.13.1
      scheduler: 0.18.0
    dev: false
    engines:
      node: '>=0.10.0'
    peerDependencies:
      react: ^16.0.0
    resolution:
      integrity: sha512-gAGnwWkf+NOTig9oOowqid9O0HjTDC+XVGBCAmJYYJ2A2cN/O4gDdIuuUQjv8A4v6GDwVfJkagpBBLW5OW9HSw==
  /react/16.13.1:
    dependencies:
      loose-envify: 1.4.0
      object-assign: 4.1.1
      prop-types: 15.7.2
    engines:
      node: '>=0.10.0'
    resolution:
      integrity: sha512-YMZQQq32xHLX0bz5Mnibv1/LHb3Sqzngu7xstSM+vrkE5Kzr9xE0yMByK5kMoTK30YVJE61WfbxIFFvfeDKT1w==
  /reason-nodejs/12.0.4_bs-platform@7.3.2:
    dependencies:
      bs-platform: 7.3.2
    dev: false
    peerDependencies:
      bs-platform: '>= 7.0.0'
    resolution:
      integrity: sha512-KzVhKgWDXF+0JfXWsOhCigL0mRAttQS+k3gkPqPkBNTex7I2juhcuZMYn5QyIHqPdqerAxJBkNEvDNqSBZ3DEg==
  /reason-react/0.8.0_bs-platform@7.3.2+react@16.13.1:
    dependencies:
      bs-platform: 7.3.2
      react: 16.13.1
    dev: true
    peerDependencies:
      bs-platform: ^7.1.1
      react: ^16.8.1
      react-dom: ^16.8.1
    resolution:
      integrity: sha512-97AfK3eCF6vfP8rnbq3k6GgXsZt//OiPMINTUk5luJ8W0Wt/JaYsDG6eWKP8Zx3gPpxSU1EPjB1pUm6o6fBnFA==
  /restore-cursor/2.0.0:
    dependencies:
      onetime: 2.0.1
      signal-exit: 3.0.3
    dev: false
    engines:
      node: '>=4'
    resolution:
      integrity: sha1-n37ih/gv0ybU/RYpI9YhKe7g368=
  /restore-cursor/3.1.0:
    dependencies:
      onetime: 5.1.0
      signal-exit: 3.0.3
    dev: false
    engines:
      node: '>=8'
    resolution:
      integrity: sha512-l+sSefzHpj5qimhFSE5a8nufZYAM3sBSVMAPtYkmC+4EH2anSGaEMXSD0izRQbu9nfyQ9y5JrVmp7E8oZrUjvA==
  /scheduler/0.18.0:
    dependencies:
      loose-envify: 1.4.0
      object-assign: 4.1.1
    dev: false
    resolution:
      integrity: sha512-agTSHR1Nbfi6ulI0kYNK0203joW2Y5W4po4l+v03tOoiJKpTBbxpNhWDvqc/4IcOw+KLmSiQLTasZ4cab2/UWQ==
  /signal-exit/3.0.3:
    dev: false
    resolution:
      integrity: sha512-VUJ49FC8U1OxwZLxIbTTrDvLnf/6TDgxZcK8wxR8zs13xpx7xbG60ndBlhNrFi2EMuFRoeDoJO7wthSLq42EjA==
  /slice-ansi/3.0.0:
    dependencies:
      ansi-styles: 4.2.1
      astral-regex: 2.0.0
      is-fullwidth-code-point: 3.0.0
    dev: false
    engines:
      node: '>=8'
    resolution:
      integrity: sha512-pSyv7bSTC7ig9Dcgbw9AuRNUb5k5V6oDudjZoMBSr13qpLBG7tB+zgCkARjq7xIUgdz5P1Qe8u+rSGdouOOIyQ==
  /string-length/3.1.0:
    dependencies:
      astral-regex: 1.0.0
      strip-ansi: 5.2.0
    dev: false
    engines:
      node: '>=8'
    resolution:
      integrity: sha512-Ttp5YvkGm5v9Ijagtaz1BnN+k9ObpvS0eIBblPMp2YWL8FBmi9qblQ9fexc2k/CXFgrTIteU3jAw3payCnwSTA==
  /string-width/3.1.0:
    dependencies:
      emoji-regex: 7.0.3
      is-fullwidth-code-point: 2.0.0
      strip-ansi: 5.2.0
    dev: false
    engines:
      node: '>=6'
    resolution:
      integrity: sha512-vafcv6KjVZKSgz06oM/H6GDBrAtz8vdhQakGjFIvNrHA6y3HCF1CInLy+QLq8dTJPQ1b+KDUqDFctkdRW44e1w==
  /string-width/4.2.0:
    dependencies:
      emoji-regex: 8.0.0
      is-fullwidth-code-point: 3.0.0
      strip-ansi: 6.0.0
    dev: false
    engines:
      node: '>=8'
    resolution:
      integrity: sha512-zUz5JD+tgqtuDjMhwIg5uFVV3dtqZ9yQJlZVfq4I01/K5Paj5UHj7VyrQOJvzawSVlKpObApbfD0Ed6yJc+1eg==
  /strip-ansi/5.2.0:
    dependencies:
      ansi-regex: 4.1.0
    dev: false
    engines:
      node: '>=6'
    resolution:
      integrity: sha512-DuRs1gKbBqsMKIZlrffwlug8MHkcnpjs5VPmL1PAh+mA30U0DTotfDZ0d2UUsXpPmPmMMJ6W773MaA3J+lbiWA==
  /strip-ansi/6.0.0:
    dependencies:
      ansi-regex: 5.0.0
    dev: false
    engines:
      node: '>=8'
    resolution:
      integrity: sha512-AuvKTrTfQNYNIctbR1K/YGTR1756GycPsg7b9bdV9Duqur4gv6aKqHXah67Z8ImS7WEz5QVcOtlfW2rZEugt6w==
  /supports-color/7.1.0:
    dependencies:
      has-flag: 4.0.0
    dev: false
    engines:
      node: '>=8'
    resolution:
      integrity: sha512-oRSIpR8pxT1Wr2FquTNnGet79b3BWljqOuoW/h4oBhxJ/HUbX5nX6JSruTkvXDCFMwDPvsaTTbvMLKZWSy0R5g==
  /type-fest/0.11.0:
    dev: false
    engines:
      node: '>=8'
    resolution:
      integrity: sha512-OdjXJxnCN1AvyLSzeKIgXTXxV+99ZuXl3Hpo9XpJAv9MBcHrrJOQ5kV7ypXOuQie+AmWG25hLbiKdwYTifzcfQ==
  /widest-line/3.1.0:
    dependencies:
      string-width: 4.2.0
    dev: false
    engines:
      node: '>=8'
    resolution:
      integrity: sha512-NsmoXalsWVDMGupxZ5R08ka9flZjjiLvHVAWYOKtiKM8ujtZWr9cRffak+uSE48+Ob8ObalXpwyeUiyDD6QFgg==
  /window-size/1.1.1:
    dependencies:
      define-property: 1.0.0
      is-number: 3.0.0
    dev: false
    engines:
      node: '>= 0.10.0'
    hasBin: true
    resolution:
      integrity: sha512-5D/9vujkmVQ7pSmc0SCBmHXbkv6eaHwXEx65MywhmUMsI8sGqJ972APq1lotfcwMKPFLuCFfL8xGHLIp7jaBmA==
  /wrap-ansi/5.1.0:
    dependencies:
      ansi-styles: 3.2.1
      string-width: 3.1.0
      strip-ansi: 5.2.0
    dev: false
    engines:
      node: '>=6'
    resolution:
      integrity: sha512-QC1/iN/2/RPVJ5jYK8BGttj5z83LmSKmvbvrXPNCLZSEb32KKVDJDl/MOt2N01qU2H/FkzEa9PKto1BqDjtd7Q==
  /wrap-ansi/6.2.0:
    dependencies:
      ansi-styles: 4.2.1
      string-width: 4.2.0
      strip-ansi: 6.0.0
    dev: false
    engines:
      node: '>=8'
    resolution:
      integrity: sha512-r6lPcBGxZXlIcymEu7InxDMhdW0KDxpLgoFLcguasxCaJ/SOIZwINatK9KY/tf+ZrlywOKU0UDj3ATXUBfxJXA==
  /yoga-layout-prebuilt/1.9.6:
    dependencies:
      '@types/yoga-layout': 1.9.2
    dev: false
    engines:
      node: '>=8'
    resolution:
      integrity: sha512-Wursw6uqLXLMjBAO4SEShuzj8+EJXhCF71/rJ7YndHTkRAYSU0GY3OghRqfAk9HPUAAFMuqp3U1Wl+01vmGRQQ==
